# Generated by buf. DO NOT EDIT.
version: v1
deps:
  - remote: buf.build
    owner: acme
    repository: paymentapis
    branch: main
    commit: 6e230f46113f498392c82d12b1a07b70
    digest: b1-kURgwJ5BZi3AM654TkWMArHoktwHiQEDo_1goLg6tLE=
    create_time: 2021-08-17T18:17:47.225022Z
  - remote: buf.build
    owner: acme
    repository: petapis
    branch: main
    commit: 84a33a06f0954823a6f2a089fb1bb82e
    digest: b1-xfEFCPasCydYs426BYqE_U3IJJO9ZTbcigg6zqlqyFg=
    create_time: 2021-08-17T18:18:16.597517Z
  - remote: buf.build
    owner: googleapis
    repository: googleapis
    branch: main
    commit: 84c3cad756d2435982d9e3b72680fa96
    digest: b1-GVZocI28gwtZCKNAO4Jd83jaE_XMjcAuEBtjnWvybO0=
    create_time: 2021-08-17T15:06:58.03881Z
