# Generated by buf. DO NOT EDIT.
version: v1
deps:
  - remote: buf.build
    owner: acme
    repository: paymentapis
    branch: main
    commit: 6e230f46113f498392c82d12b1a07b70
  - remote: buf.build
    owner: acme
    repository: petapis
    branch: main
    commit: 84a33a06f0954823a6f2a089fb1bb82e
  - remote: buf.build
    owner: envoyproxy
    repository: protoc-gen-validate
    branch: main
    commit: dc09a417d27241f7b069feae2cd74a0e
  - remote: buf.build
    owner: googleapis
    repository: googleapis
    branch: main
    commit: 84c3cad756d2435982d9e3b72680fa96
